
Microsoft Visual Studio Solution File, Format Version 12.00
# Visual Studio Version 17
VisualStudioVersion = 17.11.35222.181
MinimumVisualStudioVersion = 10.0.40219.1
Project("{8BC9CEB8-8B4A-11D0-8D11-00A0C91BC942}") = "2181.合并零之间的节点", "2181.合并零之间的节点.vcxproj", "{C083A011-C500-4504-8424-CA19F08F79AA}"
EndProject
Global
	GlobalSection(SolutionConfigurationPlatforms) = preSolution
		Debug|x64 = Debug|x64
		Debug|x86 = Debug|x86
		Release|x64 = Release|x64
		Release|x86 = Release|x86
	EndGlobalSection
	GlobalSection(ProjectConfigurationPlatforms) = postSolution
		{C083A011-C500-4504-8424-CA19F08F79AA}.Debug|x64.ActiveCfg = Debug|x64
		{C083A011-C500-4504-8424-CA19F08F79AA}.Debug|x64.Build.0 = Debug|x64
		{C083A011-C500-4504-8424-CA19F08F79AA}.Debug|x86.ActiveCfg = Debug|Win32
		{C083A011-C500-4504-8424-CA19F08F79AA}.Debug|x86.Build.0 = Debug|Win32
		{C083A011-C500-4504-8424-CA19F08F79AA}.Release|x64.ActiveCfg = Release|x64
		{C083A011-C500-4504-8424-CA19F08F79AA}.Release|x64.Build.0 = Release|x64
		{C083A011-C500-4504-8424-CA19F08F79AA}.Release|x86.ActiveCfg = Release|Win32
		{C083A011-C500-4504-8424-CA19F08F79AA}.Release|x86.Build.0 = Release|Win32
	EndGlobalSection
	GlobalSection(SolutionProperties) = preSolution
		HideSolutionNode = FALSE
	EndGlobalSection
	GlobalSection(ExtensibilityGlobals) = postSolution
		SolutionGuid = {BDF932D4-6C8A-4EA9-83C4-6A78657CC263}
	EndGlobalSection
EndGlobal
