
Microsoft Visual Studio Solution File, Format Version 12.00
# Visual Studio Version 17
VisualStudioVersion = 17.9.34728.123
MinimumVisualStudioVersion = 10.0.40219.1
Project("{8BC9CEB8-8B4A-11D0-8D11-00A0C91BC942}") = "1862.向下取整数对和", "1862.向下取整数对和.vcxproj", "{7501DD6B-EBEE-4F59-9BD7-90B6B0C961A5}"
EndProject
Global
	GlobalSection(SolutionConfigurationPlatforms) = preSolution
		Debug|x64 = Debug|x64
		Debug|x86 = Debug|x86
		Release|x64 = Release|x64
		Release|x86 = Release|x86
	EndGlobalSection
	GlobalSection(ProjectConfigurationPlatforms) = postSolution
		{7501DD6B-EBEE-4F59-9BD7-90B6B0C961A5}.Debug|x64.ActiveCfg = Debug|x64
		{7501DD6B-EBEE-4F59-9BD7-90B6B0C961A5}.Debug|x64.Build.0 = Debug|x64
		{7501DD6B-EBEE-4F59-9BD7-90B6B0C961A5}.Debug|x86.ActiveCfg = Debug|Win32
		{7501DD6B-EBEE-4F59-9BD7-90B6B0C961A5}.Debug|x86.Build.0 = Debug|Win32
		{7501DD6B-EBEE-4F59-9BD7-90B6B0C961A5}.Release|x64.ActiveCfg = Release|x64
		{7501DD6B-EBEE-4F59-9BD7-90B6B0C961A5}.Release|x64.Build.0 = Release|x64
		{7501DD6B-EBEE-4F59-9BD7-90B6B0C961A5}.Release|x86.ActiveCfg = Release|Win32
		{7501DD6B-EBEE-4F59-9BD7-90B6B0C961A5}.Release|x86.Build.0 = Release|Win32
	EndGlobalSection
	GlobalSection(SolutionProperties) = preSolution
		HideSolutionNode = FALSE
	EndGlobalSection
	GlobalSection(ExtensibilityGlobals) = postSolution
		SolutionGuid = {94B70A69-6A1E-4C79-971D-E5CBB89DA105}
	EndGlobalSection
EndGlobal
