
Microsoft Visual Studio Solution File, Format Version 12.00
# Visual Studio Version 17
VisualStudioVersion = 17.11.35303.130
MinimumVisualStudioVersion = 10.0.40219.1
Project("{8BC9CEB8-8B4A-11D0-8D11-00A0C91BC942}") = "2552.统计上升四元组", "2552.统计上升四元组.vcxproj", "{75D510E3-6227-42D0-9914-9D8A4DC8D54E}"
EndProject
Global
	GlobalSection(SolutionConfigurationPlatforms) = preSolution
		Debug|x64 = Debug|x64
		Debug|x86 = Debug|x86
		Release|x64 = Release|x64
		Release|x86 = Release|x86
	EndGlobalSection
	GlobalSection(ProjectConfigurationPlatforms) = postSolution
		{75D510E3-6227-42D0-9914-9D8A4DC8D54E}.Debug|x64.ActiveCfg = Debug|x64
		{75D510E3-6227-42D0-9914-9D8A4DC8D54E}.Debug|x64.Build.0 = Debug|x64
		{75D510E3-6227-42D0-9914-9D8A4DC8D54E}.Debug|x86.ActiveCfg = Debug|Win32
		{75D510E3-6227-42D0-9914-9D8A4DC8D54E}.Debug|x86.Build.0 = Debug|Win32
		{75D510E3-6227-42D0-9914-9D8A4DC8D54E}.Release|x64.ActiveCfg = Release|x64
		{75D510E3-6227-42D0-9914-9D8A4DC8D54E}.Release|x64.Build.0 = Release|x64
		{75D510E3-6227-42D0-9914-9D8A4DC8D54E}.Release|x86.ActiveCfg = Release|Win32
		{75D510E3-6227-42D0-9914-9D8A4DC8D54E}.Release|x86.Build.0 = Release|Win32
	EndGlobalSection
	GlobalSection(SolutionProperties) = preSolution
		HideSolutionNode = FALSE
	EndGlobalSection
	GlobalSection(ExtensibilityGlobals) = postSolution
		SolutionGuid = {44CB857F-E8F9-4A3B-A96C-2EF0D1DBB13D}
	EndGlobalSection
EndGlobal
