
Microsoft Visual Studio Solution File, Format Version 12.00
# Visual Studio Version 17
VisualStudioVersion = 17.9.34902.65
MinimumVisualStudioVersion = 10.0.40219.1
Project("{8BC9CEB8-8B4A-11D0-8D11-00A0C91BC942}") = "1615.最大网络秩", "1615.最大网络秩.vcxproj", "{89F7A996-5B6E-4F86-A3CE-A9CC73CC3CBD}"
EndProject
Global
	GlobalSection(SolutionConfigurationPlatforms) = preSolution
		Debug|x64 = Debug|x64
		Debug|x86 = Debug|x86
		Release|x64 = Release|x64
		Release|x86 = Release|x86
	EndGlobalSection
	GlobalSection(ProjectConfigurationPlatforms) = postSolution
		{89F7A996-5B6E-4F86-A3CE-A9CC73CC3CBD}.Debug|x64.ActiveCfg = Debug|x64
		{89F7A996-5B6E-4F86-A3CE-A9CC73CC3CBD}.Debug|x64.Build.0 = Debug|x64
		{89F7A996-5B6E-4F86-A3CE-A9CC73CC3CBD}.Debug|x86.ActiveCfg = Debug|Win32
		{89F7A996-5B6E-4F86-A3CE-A9CC73CC3CBD}.Debug|x86.Build.0 = Debug|Win32
		{89F7A996-5B6E-4F86-A3CE-A9CC73CC3CBD}.Release|x64.ActiveCfg = Release|x64
		{89F7A996-5B6E-4F86-A3CE-A9CC73CC3CBD}.Release|x64.Build.0 = Release|x64
		{89F7A996-5B6E-4F86-A3CE-A9CC73CC3CBD}.Release|x86.ActiveCfg = Release|Win32
		{89F7A996-5B6E-4F86-A3CE-A9CC73CC3CBD}.Release|x86.Build.0 = Release|Win32
	EndGlobalSection
	GlobalSection(SolutionProperties) = preSolution
		HideSolutionNode = FALSE
	EndGlobalSection
	GlobalSection(ExtensibilityGlobals) = postSolution
		SolutionGuid = {20C865E1-7EE0-4DF8-BA6C-64AAC12926BC}
	EndGlobalSection
EndGlobal
